// !$*UTF8*$!
{
	archiveVersion = 1;
	classes = {
	};
	objectVersion = 77;
	objects = {

/* Begin PBXContainerItemProxy section */
		18777E682DC9A106002F5246 /* PBXContainerItemProxy */ = {
			isa = PBXContainerItemProxy;
			containerPortal = 18777E4F2DC9A105002F5246 /* Project object */;
			proxyType = 1;
			remoteGlobalIDString = 18777E562DC9A105002F5246;
			remoteInfo = SwiftUIProyect;
		};
		18777E722DC9A106002F5246 /* PBXContainerItemProxy */ = {
			isa = PBXContainerItemProxy;
			containerPortal = 18777E4F2DC9A105002F5246 /* Project object */;
			proxyType = 1;
			remoteGlobalIDString = 18777E562DC9A105002F5246;
			remoteInfo = SwiftUIProyect;
		};
/* End PBXContainerItemProxy section */

/* Begin PBXFileReference section */
		18777E572DC9A105002F5246 /* SwiftUIProyect.app */ = {isa = PBXFileReference; explicitFileType = wrapper.application; includeInIndex = 0; path = SwiftUIProyect.app; sourceTree = BUILT_PRODUCTS_DIR; };
		18777E672DC9A106002F5246 /* SwiftUIProyectTests.xctest */ = {isa = PBXFileReference; explicitFileType = wrapper.cfbundle; includeInIndex = 0; path = SwiftUIProyectTests.xctest; sourceTree = BUILT_PRODUCTS_DIR; };
		18777E712DC9A106002F5246 /* SwiftUIProyectUITests.xctest */ = {isa = PBXFileReference; explicitFileType = wrapper.cfbundle; includeInIndex = 0; path = SwiftUIProyectUITests.xctest; sourceTree = BUILT_PRODUCTS_DIR; };
/* End PBXFileReference section */

/* Begin PBXFileSystemSynchronizedRootGroup section */
		18777E592DC9A105002F5246 /* SwiftUIProyect */ = {
			isa = PBXFileSystemSynchronizedRootGroup;
			path = SwiftUIProyect;
			sourceTree = "<group>";
		};
		18777E6A2DC9A106002F5246 /* SwiftUIProyectTests */ = {
			isa = PBXFileSystemSynchronizedRootGroup;
			path = SwiftUIProyectTests;
			sourceTree = "<group>";
		};
		18777E742DC9A106002F5246 /* SwiftUIProyectUITests */ = {
			isa = PBXFileSystemSynchronizedRootGroup;
			path = SwiftUIProyectUITests;
			sourceTree = "<group>";
		};
/* End PBXFileSystemSynchronizedRootGroup section */

/* Begin PBXFrameworksBuildPhase section */
		18777E542DC9A105002F5246 /* Frameworks */ = {
			isa = PBXFrameworksBuildPhase;
			buildActionMask = 2147483647;
			files = (
			);
			runOnlyForDeploymentPostprocessing = 0;
		};
		18777E642DC9A106002F5246 /* Frameworks */ = {
			isa = PBXFrameworksBuildPhase;
			buildActionMask = 2147483647;
			files = (
			);
			runOnlyForDeploymentPostprocessing = 0;
		};
		18777E6E2DC9A106002F5246 /* Frameworks */ = {
			isa = PBXFrameworksBuildPhase;
			buildActionMask = 2147483647;
			files = (
			);
			runOnlyForDeploymentPostprocessing = 0;
		};
/* End PBXFrameworksBuildPhase section */

/* Begin PBXGroup section */
		18777E4E2DC9A105002F5246 = {
			isa = PBXGroup;
			children = (
				18777E592DC9A105002F5246 /* SwiftUIProyect */,
				18777E6A2DC9A106002F5246 /* SwiftUIProyectTests */,
				18777E742DC9A106002F5246 /* SwiftUIProyectUITests */,
				18777E582DC9A105002F5246 /* Products */,
			);
			sourceTree = "<group>";
		};
		18777E582DC9A105002F5246 /* Products */ = {
			isa = PBXGroup;
			children = (
				18777E572DC9A105002F5246 /* SwiftUIProyect.app */,
				18777E672DC9A106002F5246 /* SwiftUIProyectTests.xctest */,
				18777E712DC9A106002F5246 /* SwiftUIProyectUITests.xctest */,
			);
			name = Products;
			sourceTree = "<group>";
		};
/* End PBXGroup section */

/* Begin PBXNativeTarget section */
		18777E562DC9A105002F5246 /* SwiftUIProyect */ = {
			isa = PBXNativeTarget;
			buildConfigurationList = 18777E7B2DC9A106002F5246 /* Build configuration list for PBXNativeTarget "SwiftUIProyect" */;
			buildPhases = (
				18777E532DC9A105002F5246 /* Sources */,
				18777E542DC9A105002F5246 /* Frameworks */,
				18777E552DC9A105002F5246 /* Resources */,
			);
			buildRules = (
			);
			dependencies = (
			);
			fileSystemSynchronizedGroups = (
				18777E592DC9A105002F5246 /* SwiftUIProyect */,
			);
			name = SwiftUIProyect;
			packageProductDependencies = (
			);
			productName = SwiftUIProyect;
			productReference = 18777E572DC9A105002F5246 /* SwiftUIProyect.app */;
			productType = "com.apple.product-type.application";
		};
		18777E662DC9A106002F5246 /* SwiftUIProyectTests */ = {
			isa = PBXNativeTarget;
			buildConfigurationList = 18777E7E2DC9A106002F5246 /* Build configuration list for PBXNativeTarget "SwiftUIProyectTests" */;
			buildPhases = (
				18777E632DC9A106002F5246 /* Sources */,
				18777E642DC9A106002F5246 /* Frameworks */,
				18777E652DC9A106002F5246 /* Resources */,
			);
			buildRules = (
			);
			dependencies = (
				18777E692DC9A106002F5246 /* PBXTargetDependency */,
			);
			fileSystemSynchronizedGroups = (
				18777E6A2DC9A106002F5246 /* SwiftUIProyectTests */,
			);
			name = SwiftUIProyectTests;
			packageProductDependencies = (
			);
			productName = SwiftUIProyectTests;
			productReference = 18777E672DC9A106002F5246 /* SwiftUIProyectTests.xctest */;
			productType = "com.apple.product-type.bundle.unit-test";
		};
		18777E702DC9A106002F5246 /* SwiftUIProyectUITests */ = {
			isa = PBXNativeTarget;
			buildConfigurationList = 18777E812DC9A106002F5246 /* Build configuration list for PBXNativeTarget "SwiftUIProyectUITests" */;
			buildPhases = (
				18777E6D2DC9A106002F5246 /* Sources */,
				18777E6E2DC9A106002F5246 /* Frameworks */,
				18777E6F2DC9A106002F5246 /* Resources */,
			);
			buildRules = (
			);
			dependencies = (
				18777E732DC9A106002F5246 /* PBXTargetDependency */,
			);
			fileSystemSynchronizedGroups = (
				18777E742DC9A106002F5246 /* SwiftUIProyectUITests */,
			);
			name = SwiftUIProyectUITests;
			packageProductDependencies = (
			);
			productName = SwiftUIProyectUITests;
			productReference = 18777E712DC9A106002F5246 /* SwiftUIProyectUITests.xctest */;
			productType = "com.apple.product-type.bundle.ui-testing";
		};
/* End PBXNativeTarget section */

/* Begin PBXProject section */
		18777E4F2DC9A105002F5246 /* Project object */ = {
			isa = PBXProject;
			attributes = {
				BuildIndependentTargetsInParallel = 1;
				LastSwiftUpdateCheck = 1620;
				LastUpgradeCheck = 1620;
				TargetAttributes = {
					18777E562DC9A105002F5246 = {
						CreatedOnToolsVersion = 16.2;
					};
					18777E662DC9A106002F5246 = {
						CreatedOnToolsVersion = 16.2;
						TestTargetID = 18777E562DC9A105002F5246;
					};
					18777E702DC9A106002F5246 = {
						CreatedOnToolsVersion = 16.2;
						TestTargetID = 18777E562DC9A105002F5246;
					};
				};
			};
			buildConfigurationList = 18777E522DC9A105002F5246 /* Build configuration list for PBXProject "SwiftUIProyect" */;
			developmentRegion = en;
			hasScannedForEncodings = 0;
			knownRegions = (
				en,
				Base,
			);
			mainGroup = 18777E4E2DC9A105002F5246;
			minimizedProjectReferenceProxies = 1;
			preferredProjectObjectVersion = 77;
			productRefGroup = 18777E582DC9A105002F5246 /* Products */;
			projectDirPath = "";
			projectRoot = "";
			targets = (
				18777E562DC9A105002F5246 /* SwiftUIProyect */,
				18777E662DC9A106002F5246 /* SwiftUIProyectTests */,
				18777E702DC9A106002F5246 /* SwiftUIProyectUITests */,
			);
		};
/* End PBXProject section */

/* Begin PBXResourcesBuildPhase section */
		18777E552DC9A105002F5246 /* Resources */ = {
			isa = PBXResourcesBuildPhase;
			buildActionMask = 2147483647;
			files = (
			);
			runOnlyForDeploymentPostprocessing = 0;
		};
		18777E652DC9A106002F5246 /* Resources */ = {
			isa = PBXResourcesBuildPhase;
			buildActionMask = 2147483647;
			files = (
			);
			runOnlyForDeploymentPostprocessing = 0;
		};
		18777E6F2DC9A106002F5246 /* Resources */ = {
			isa = PBXResourcesBuildPhase;
			buildActionMask = 2147483647;
			files = (
			);
			runOnlyForDeploymentPostprocessing = 0;
		};
/* End PBXResourcesBuildPhase section */

/* Begin PBXSourcesBuildPhase section */
		18777E532DC9A105002F5246 /* Sources */ = {
			isa = PBXSourcesBuildPhase;
			buildActionMask = 2147483647;
			files = (
			);
			runOnlyForDeploymentPostprocessing = 0;
		};
		18777E632DC9A106002F5246 /* Sources */ = {
			isa = PBXSourcesBuildPhase;
			buildActionMask = 2147483647;
			files = (
			);
			runOnlyForDeploymentPostprocessing = 0;
		};
		18777E6D2DC9A106002F5246 /* Sources */ = {
			isa = PBXSourcesBuildPhase;
			buildActionMask = 2147483647;
			files = (
			);
			runOnlyForDeploymentPostprocessing = 0;
		};
/* End PBXSourcesBuildPhase section */

/* Begin PBXTargetDependency section */
		18777E692DC9A106002F5246 /* PBXTargetDependency */ = {
			isa = PBXTargetDependency;
			target = 18777E562DC9A105002F5246 /* SwiftUIProyect */;
			targetProxy = 18777E682DC9A106002F5246 /* PBXContainerItemProxy */;
		};
		18777E732DC9A106002F5246 /* PBXTargetDependency */ = {
			isa = PBXTargetDependency;
			target = 18777E562DC9A105002F5246 /* SwiftUIProyect */;
			targetProxy = 18777E722DC9A106002F5246 /* PBXContainerItemProxy */;
		};
/* End PBXTargetDependency section */

/* Begin XCBuildConfiguration section */
		18777E792DC9A106002F5246 /* Debug */ = {
			isa = XCBuildConfiguration;
			buildSettings = {
				ALWAYS_SEARCH_USER_PATHS = NO;
				ASSETCATALOG_COMPILER_GENERATE_SWIFT_ASSET_SYMBOL_EXTENSIONS = YES;
				CLANG_ANALYZER_NONNULL = YES;
				CLANG_ANALYZER_NUMBER_OBJECT_CONVERSION = YES_AGGRESSIVE;
				CLANG_CXX_LANGUAGE_STANDARD = "gnu++20";
				CLANG_ENABLE_MODULES = YES;
				CLANG_ENABLE_OBJC_ARC = YES;
				CLANG_ENABLE_OBJC_WEAK = YES;
				CLANG_WARN_BLOCK_CAPTURE_AUTORELEASING = YES;
				CLANG_WARN_BOOL_CONVERSION = YES;
				CLANG_WARN_COMMA = YES;
				CLANG_WARN_CONSTANT_CONVERSION = YES;
				CLANG_WARN_DEPRECATED_OBJC_IMPLEMENTATIONS = YES;
				CLANG_WARN_DIRECT_OBJC_ISA_USAGE = YES_ERROR;
				CLANG_WARN_DOCUMENTATION_COMMENTS = YES;
				CLANG_WARN_EMPTY_BODY = YES;
				CLANG_WARN_ENUM_CONVERSION = YES;
				CLANG_WARN_INFINITE_RECURSION = YES;
				CLANG_WARN_INT_CONVERSION = YES;
				CLANG_WARN_NON_LITERAL_NULL_CONVERSION = YES;
				CLANG_WARN_OBJC_IMPLICIT_RETAIN_SELF = YES;
				CLANG_WARN_OBJC_LITERAL_CONVERSION = YES;
				CLANG_WARN_OBJC_ROOT_CLASS = YES_ERROR;
				CLANG_WARN_QUOTED_INCLUDE_IN_FRAMEWORK_HEADER = YES;
				CLANG_WARN_RANGE_LOOP_ANALYSIS = YES;
				CLANG_WARN_STRICT_PROTOTYPES = YES;
				CLANG_WARN_SUSPICIOUS_MOVE = YES;
				CLANG_WARN_UNGUARDED_AVAILABILITY = YES_AGGRESSIVE;
				CLANG_WARN_UNREACHABLE_CODE = YES;
				CLANG_WARN__DUPLICATE_METHOD_MATCH = YES;
				COPY_PHASE_STRIP = NO;
				DEBUG_INFORMATION_FORMAT = dwarf;
				ENABLE_STRICT_OBJC_MSGSEND = YES;
				ENABLE_TESTABILITY = YES;
				ENABLE_USER_SCRIPT_SANDBOXING = YES;
				GCC_C_LANGUAGE_STANDARD = gnu17;
				GCC_DYNAMIC_NO_PIC = NO;
				GCC_NO_COMMON_BLOCKS = YES;
				GCC_OPTIMIZATION_LEVEL = 0;
				GCC_PREPROCESSOR_DEFINITIONS = (
					"DEBUG=1",
					"$(inherited)",
				);
				GCC_WARN_64_TO_32_BIT_CONVERSION = YES;
				GCC_WARN_ABOUT_RETURN_TYPE = YES_ERROR;
				GCC_WARN_UNDECLARED_SELECTOR = YES;
				GCC_WARN_UNINITIALIZED_AUTOS = YES_AGGRESSIVE;
				GCC_WARN_UNUSED_FUNCTION = YES;
				GCC_WARN_UNUSED_VARIABLE = YES;
				IPHONEOS_DEPLOYMENT_TARGET = 18.2;
				LOCALIZATION_PREFERS_STRING_CATALOGS = YES;
				MTL_ENABLE_DEBUG_INFO = INCLUDE_SOURCE;
				MTL_FAST_MATH = YES;
				ONLY_ACTIVE_ARCH = YES;
				SDKROOT = iphoneos;
				SWIFT_ACTIVE_COMPILATION_CONDITIONS = "DEBUG $(inherited)";
				SWIFT_OPTIMIZATION_LEVEL = "-Onone";
			};
			name = Debug;
		};
		18777E7A2DC9A106002F5246 /* Release */ = {
			isa = XCBuildConfiguration;
			buildSettings = {
				ALWAYS_SEARCH_USER_PATHS = NO;
				ASSETCATALOG_COMPILER_GENERATE_SWIFT_ASSET_SYMBOL_EXTENSIONS = YES;
				CLANG_ANALYZER_NONNULL = YES;
				CLANG_ANALYZER_NUMBER_OBJECT_CONVERSION = YES_AGGRESSIVE;
				CLANG_CXX_LANGUAGE_STANDARD = "gnu++20";
				CLANG_ENABLE_MODULES = YES;
				CLANG_ENABLE_OBJC_ARC = YES;
				CLANG_ENABLE_OBJC_WEAK = YES;
				CLANG_WARN_BLOCK_CAPTURE_AUTORELEASING = YES;
				CLANG_WARN_BOOL_CONVERSION = YES;
				CLANG_WARN_COMMA = YES;
				CLANG_WARN_CONSTANT_CONVERSION = YES;
				CLANG_WARN_DEPRECATED_OBJC_IMPLEMENTATIONS = YES;
				CLANG_WARN_DIRECT_OBJC_ISA_USAGE = YES_ERROR;
				CLANG_WARN_DOCUMENTATION_COMMENTS = YES;
				CLANG_WARN_EMPTY_BODY = YES;
				CLANG_WARN_ENUM_CONVERSION = YES;
				CLANG_WARN_INFINITE_RECURSION = YES;
				CLANG_WARN_INT_CONVERSION = YES;
				CLANG_WARN_NON_LITERAL_NULL_CONVERSION = YES;
				CLANG_WARN_OBJC_IMPLICIT_RETAIN_SELF = YES;
				CLANG_WARN_OBJC_LITERAL_CONVERSION = YES;
				CLANG_WARN_OBJC_ROOT_CLASS = YES_ERROR;
				CLANG_WARN_QUOTED_INCLUDE_IN_FRAMEWORK_HEADER = YES;
				CLANG_WARN_RANGE_LOOP_ANALYSIS = YES;
				CLANG_WARN_STRICT_PROTOTYPES = YES;
				CLANG_WARN_SUSPICIOUS_MOVE = YES;
				CLANG_WARN_UNGUARDED_AVAILABILITY = YES_AGGRESSIVE;
				CLANG_WARN_UNREACHABLE_CODE = YES;
				CLANG_WARN__DUPLICATE_METHOD_MATCH = YES;
				COPY_PHASE_STRIP = NO;
				DEBUG_INFORMATION_FORMAT = "dwarf-with-dsym";
				ENABLE_NS_ASSERTIONS = NO;
				ENABLE_STRICT_OBJC_MSGSEND = YES;
				ENABLE_USER_SCRIPT_SANDBOXING = YES;
				GCC_C_LANGUAGE_STANDARD = gnu17;
				GCC_NO_COMMON_BLOCKS = YES;
				GCC_WARN_64_TO_32_BIT_CONVERSION = YES;
				GCC_WARN_ABOUT_RETURN_TYPE = YES_ERROR;
				GCC_WARN_UNDECLARED_SELECTOR = YES;
				GCC_WARN_UNINITIALIZED_AUTOS = YES_AGGRESSIVE;
				GCC_WARN_UNUSED_FUNCTION = YES;
				GCC_WARN_UNUSED_VARIABLE = YES;
				IPHONEOS_DEPLOYMENT_TARGET = 18.2;
				LOCALIZATION_PREFERS_STRING_CATALOGS = YES;
				MTL_ENABLE_DEBUG_INFO = NO;
				MTL_FAST_MATH = YES;
				SDKROOT = iphoneos;
				SWIFT_COMPILATION_MODE = wholemodule;
				VALIDATE_PRODUCT = YES;
			};
			name = Release;
		};
		18777E7C2DC9A106002F5246 /* Debug */ = {
			isa = XCBuildConfiguration;
			buildSettings = {
				ASSETCATALOG_COMPILER_APPICON_NAME = AppIcon;
				ASSETCATALOG_COMPILER_GLOBAL_ACCENT_COLOR_NAME = AccentColor;
				CODE_SIGN_STYLE = Automatic;
				CURRENT_PROJECT_VERSION = 1;
				DEVELOPMENT_ASSET_PATHS = "\"SwiftUIProyect/Preview Content\"";
				ENABLE_PREVIEWS = YES;
				GENERATE_INFOPLIST_FILE = YES;
				INFOPLIST_KEY_UIApplicationSceneManifest_Generation = YES;
				INFOPLIST_KEY_UIApplicationSupportsIndirectInputEvents = YES;
				INFOPLIST_KEY_UILaunchScreen_Generation = YES;
				INFOPLIST_KEY_UISupportedInterfaceOrientations_iPad = "UIInterfaceOrientationPortrait UIInterfaceOrientationPortraitUpsideDown UIInterfaceOrientationLandscapeLeft UIInterfaceOrientationLandscapeRight";
				INFOPLIST_KEY_UISupportedInterfaceOrientations_iPhone = "UIInterfaceOrientationPortrait UIInterfaceOrientationLandscapeLeft UIInterfaceOrientationLandscapeRight";
				LD_RUNPATH_SEARCH_PATHS = (
					"$(inherited)",
					"@executable_path/Frameworks",
				);
				MARKETING_VERSION = 1.0;
				PRODUCT_BUNDLE_IDENTIFIER = COM.Jamaica.SwiftUIProyect;
				PRODUCT_NAME = "$(TARGET_NAME)";
				SWIFT_EMIT_LOC_STRINGS = YES;
				SWIFT_VERSION = 5.0;
				TARGETED_DEVICE_FAMILY = "1,2";
			};
			name = Debug;
		};
		18777E7D2DC9A106002F5246 /* Release */ = {
			isa = XCBuildConfiguration;
			buildSettings = {
				ASSETCATALOG_COMPILER_APPICON_NAME = AppIcon;
				ASSETCATALOG_COMPILER_GLOBAL_ACCENT_COLOR_NAME = AccentColor;
				CODE_SIGN_STYLE = Automatic;
				CURRENT_PROJECT_VERSION = 1;
				DEVELOPMENT_ASSET_PATHS = "\"SwiftUIProyect/Preview Content\"";
				ENABLE_PREVIEWS = YES;
				GENERATE_INFOPLIST_FILE = YES;
				INFOPLIST_KEY_UIApplicationSceneManifest_Generation = YES;
				INFOPLIST_KEY_UIApplicationSupportsIndirectInputEvents = YES;
				INFOPLIST_KEY_UILaunchScreen_Generation = YES;
				INFOPLIST_KEY_UISupportedInterfaceOrientations_iPad = "UIInterfaceOrientationPortrait UIInterfaceOrientationPortraitUpsideDown UIInterfaceOrientationLandscapeLeft UIInterfaceOrientationLandscapeRight";
				INFOPLIST_KEY_UISupportedInterfaceOrientations_iPhone = "UIInterfaceOrientationPortrait UIInterfaceOrientationLandscapeLeft UIInterfaceOrientationLandscapeRight";
				LD_RUNPATH_SEARCH_PATHS = (
					"$(inherited)",
					"@executable_path/Frameworks",
				);
				MARKETING_VERSION = 1.0;
				PRODUCT_BUNDLE_IDENTIFIER = COM.Jamaica.SwiftUIProyect;
				PRODUCT_NAME = "$(TARGET_NAME)";
				SWIFT_EMIT_LOC_STRINGS = YES;
				SWIFT_VERSION = 5.0;
				TARGETED_DEVICE_FAMILY = "1,2";
			};
			name = Release;
		};
		18777E7F2DC9A106002F5246 /* Debug */ = {
			isa = XCBuildConfiguration;
			buildSettings = {
				BUNDLE_LOADER = "$(TEST_HOST)";
				CODE_SIGN_STYLE = Automatic;
				CURRENT_PROJECT_VERSION = 1;
				GENERATE_INFOPLIST_FILE = YES;
				IPHONEOS_DEPLOYMENT_TARGET = 18.2;
				MARKETING_VERSION = 1.0;
				PRODUCT_BUNDLE_IDENTIFIER = COM.Jamaica.SwiftUIProyectTests;
				PRODUCT_NAME = "$(TARGET_NAME)";
				SWIFT_EMIT_LOC_STRINGS = NO;
				SWIFT_VERSION = 5.0;
				TARGETED_DEVICE_FAMILY = "1,2";
				TEST_HOST = "$(BUILT_PRODUCTS_DIR)/SwiftUIProyect.app/$(BUNDLE_EXECUTABLE_FOLDER_PATH)/SwiftUIProyect";
			};
			name = Debug;
		};
		18777E802DC9A106002F5246 /* Release */ = {
			isa = XCBuildConfiguration;
			buildSettings = {
				BUNDLE_LOADER = "$(TEST_HOST)";
				CODE_SIGN_STYLE = Automatic;
				CURRENT_PROJECT_VERSION = 1;
				GENERATE_INFOPLIST_FILE = YES;
				IPHONEOS_DEPLOYMENT_TARGET = 18.2;
				MARKETING_VERSION = 1.0;
				PRODUCT_BUNDLE_IDENTIFIER = COM.Jamaica.SwiftUIProyectTests;
				PRODUCT_NAME = "$(TARGET_NAME)";
				SWIFT_EMIT_LOC_STRINGS = NO;
				SWIFT_VERSION = 5.0;
				TARGETED_DEVICE_FAMILY = "1,2";
				TEST_HOST = "$(BUILT_PRODUCTS_DIR)/SwiftUIProyect.app/$(BUNDLE_EXECUTABLE_FOLDER_PATH)/SwiftUIProyect";
			};
			name = Release;
		};
		18777E822DC9A106002F5246 /* Debug */ = {
			isa = XCBuildConfiguration;
			buildSettings = {
				CODE_SIGN_STYLE = Automatic;
				CURRENT_PROJECT_VERSION = 1;
				GENERATE_INFOPLIST_FILE = YES;
				MARKETING_VERSION = 1.0;
				PRODUCT_BUNDLE_IDENTIFIER = COM.Jamaica.SwiftUIProyectUITests;
				PRODUCT_NAME = "$(TARGET_NAME)";
				SWIFT_EMIT_LOC_STRINGS = NO;
				SWIFT_VERSION = 5.0;
				TARGETED_DEVICE_FAMILY = "1,2";
				TEST_TARGET_NAME = SwiftUIProyect;
			};
			name = Debug;
		};
		18777E832DC9A106002F5246 /* Release */ = {
			isa = XCBuildConfiguration;
			buildSettings = {
				CODE_SIGN_STYLE = Automatic;
				CURRENT_PROJECT_VERSION = 1;
				GENERATE_INFOPLIST_FILE = YES;
				MARKETING_VERSION = 1.0;
				PRODUCT_BUNDLE_IDENTIFIER = COM.Jamaica.SwiftUIProyectUITests;
				PRODUCT_NAME = "$(TARGET_NAME)";
				SWIFT_EMIT_LOC_STRINGS = NO;
				SWIFT_VERSION = 5.0;
				TARGETED_DEVICE_FAMILY = "1,2";
				TEST_TARGET_NAME = SwiftUIProyect;
			};
			name = Release;
		};
/* End XCBuildConfiguration section */

/* Begin XCConfigurationList section */
		18777E522DC9A105002F5246 /* Build configuration list for PBXProject "SwiftUIProyect" */ = {
			isa = XCConfigurationList;
			buildConfigurations = (
				18777E792DC9A106002F5246 /* Debug */,
				18777E7A2DC9A106002F5246 /* Release */,
			);
			defaultConfigurationIsVisible = 0;
			defaultConfigurationName = Release;
		};
		18777E7B2DC9A106002F5246 /* Build configuration list for PBXNativeTarget "SwiftUIProyect" */ = {
			isa = XCConfigurationList;
			buildConfigurations = (
				18777E7C2DC9A106002F5246 /* Debug */,
				18777E7D2DC9A106002F5246 /* Release */,
			);
			defaultConfigurationIsVisible = 0;
			defaultConfigurationName = Release;
		};
		18777E7E2DC9A106002F5246 /* Build configuration list for PBXNativeTarget "SwiftUIProyectTests" */ = {
			isa = XCConfigurationList;
			buildConfigurations = (
				18777E7F2DC9A106002F5246 /* Debug */,
				18777E802DC9A106002F5246 /* Release */,
			);
			defaultConfigurationIsVisible = 0;
			defaultConfigurationName = Release;
		};
		18777E812DC9A106002F5246 /* Build configuration list for PBXNativeTarget "SwiftUIProyectUITests" */ = {
			isa = XCConfigurationList;
			buildConfigurations = (
				18777E822DC9A106002F5246 /* Debug */,
				18777E832DC9A106002F5246 /* Release */,
			);
			defaultConfigurationIsVisible = 0;
			defaultConfigurationName = Release;
		};
/* End XCConfigurationList section */
	};
	rootObject = 18777E4F2DC9A105002F5246 /* Project object */;
}
